
Microsoft Visual Studio Solution File, Format Version 10.00
# Visual Studio 2008
Project("{FAE04EC0-301F-11D3-BF4B-00C04F79EFBC}") = "RepoManager", "RepoManager\RepoManager.csproj", "{B1CC1272-F2E2-4990-9ECC-5618EF7A9E7F}"
EndProject
Project("{FAE04EC0-301F-11D3-BF4B-00C04F79EFBC}") = "Compressor", "Compressor\Compressor.csproj", "{C0BAF771-DE4F-459B-80F3-2AA37DCC2D09}"
EndProject
Project("{FAE04EC0-301F-11D3-BF4B-00C04F79EFBC}") = "NotifyIconWpf", "NotifyIconWpf\NotifyIconWpf.csproj", "{7AC63864-7638-41C4-969C-D3197EF2BED9}"
EndProject
Project("{FAE04EC0-301F-11D3-BF4B-00C04F79EFBC}") = "ProgramTest", "ProgramTest\ProgramTest.csproj", "{DA3FA9AE-87F7-4630-83E8-C333035701EB}"
EndProject
Project("{2150E333-8FDC-42A3-9474-1A3956D46DE8}") = "Solution Items", "Solution Items", "{C72A54A2-AFF1-4AEC-9959-4A2A12CEF55B}"
	ProjectSection(SolutionItems) = preProject
		LocalTestRun.testrunconfig = LocalTestRun.testrunconfig
		RepoManager.vsmdi = RepoManager.vsmdi
	EndProjectSection
EndProject
Global
	GlobalSection(TestCaseManagementSettings) = postSolution
		CategoryFile = RepoManager.vsmdi
	EndGlobalSection
	GlobalSection(SolutionConfigurationPlatforms) = preSolution
		Debug|Any CPU = Debug|Any CPU
		Release|Any CPU = Release|Any CPU
	EndGlobalSection
	GlobalSection(ProjectConfigurationPlatforms) = postSolution
		{B1CC1272-F2E2-4990-9ECC-5618EF7A9E7F}.Debug|Any CPU.ActiveCfg = Debug|Any CPU
		{B1CC1272-F2E2-4990-9ECC-5618EF7A9E7F}.Debug|Any CPU.Build.0 = Debug|Any CPU
		{B1CC1272-F2E2-4990-9ECC-5618EF7A9E7F}.Release|Any CPU.ActiveCfg = Release|Any CPU
		{B1CC1272-F2E2-4990-9ECC-5618EF7A9E7F}.Release|Any CPU.Build.0 = Release|Any CPU
		{C0BAF771-DE4F-459B-80F3-2AA37DCC2D09}.Debug|Any CPU.ActiveCfg = Debug|Any CPU
		{C0BAF771-DE4F-459B-80F3-2AA37DCC2D09}.Debug|Any CPU.Build.0 = Debug|Any CPU
		{C0BAF771-DE4F-459B-80F3-2AA37DCC2D09}.Release|Any CPU.ActiveCfg = Release|Any CPU
		{C0BAF771-DE4F-459B-80F3-2AA37DCC2D09}.Release|Any CPU.Build.0 = Release|Any CPU
		{7AC63864-7638-41C4-969C-D3197EF2BED9}.Debug|Any CPU.ActiveCfg = Debug|Any CPU
		{7AC63864-7638-41C4-969C-D3197EF2BED9}.Debug|Any CPU.Build.0 = Debug|Any CPU
		{7AC63864-7638-41C4-969C-D3197EF2BED9}.Release|Any CPU.ActiveCfg = Release|Any CPU
		{7AC63864-7638-41C4-969C-D3197EF2BED9}.Release|Any CPU.Build.0 = Release|Any CPU
		{DA3FA9AE-87F7-4630-83E8-C333035701EB}.Debug|Any CPU.ActiveCfg = Debug|Any CPU
		{DA3FA9AE-87F7-4630-83E8-C333035701EB}.Debug|Any CPU.Build.0 = Debug|Any CPU
		{DA3FA9AE-87F7-4630-83E8-C333035701EB}.Release|Any CPU.ActiveCfg = Release|Any CPU
		{DA3FA9AE-87F7-4630-83E8-C333035701EB}.Release|Any CPU.Build.0 = Release|Any CPU
	EndGlobalSection
	GlobalSection(SolutionProperties) = preSolution
		HideSolutionNode = FALSE
	EndGlobalSection
EndGlobal
