
Microsoft Visual Studio Solution File, Format Version 11.00
# Visual Studio 2010
Project("{2150E333-8FDC-42A3-9474-1A3956D46DE8}") = "Solution Items", "Solution Items", "{C72A54A2-AFF1-4AEC-9959-4A2A12CEF55B}"
	ProjectSection(SolutionItems) = preProject
		diff.bat = diff.bat
	EndProjectSection
EndProject
Project("{FAE04EC0-301F-11D3-BF4B-00C04F79EFBC}") = "RepoManager", "RepoManager\RepoManager.csproj", "{B1CC1272-F2E2-4990-9ECC-5618EF7A9E7F}"
EndProject
Project("{FAE04EC0-301F-11D3-BF4B-00C04F79EFBC}") = "NotifyIconWpf", "NotifyIconWpf\NotifyIconWpf.csproj", "{7AC63864-7638-41C4-969C-D3197EF2BED9}"
EndProject
Project("{FAE04EC0-301F-11D3-BF4B-00C04F79EFBC}") = "SvnObjects", "SvnObjects\SvnObjects.csproj", "{BBDAD153-BF39-48CA-9B49-4EA8299ECEE5}"
EndProject
Project("{FAE04EC0-301F-11D3-BF4B-00C04F79EFBC}") = "ConsoleApplicationSubStat", "ConsoleApplicationSubStat\ConsoleApplicationSubStat.csproj", "{2F3E307F-7E9E-4244-8E34-32652864D8BE}"
EndProject
Global
	GlobalSection(SolutionConfigurationPlatforms) = preSolution
		Debug|Any CPU = Debug|Any CPU
		Debug|Mixed Platforms = Debug|Mixed Platforms
		Debug|Win32 = Debug|Win32
		Debug|x86 = Debug|x86
		Release|Any CPU = Release|Any CPU
		Release|Mixed Platforms = Release|Mixed Platforms
		Release|Win32 = Release|Win32
		Release|x86 = Release|x86
	EndGlobalSection
	GlobalSection(ProjectConfigurationPlatforms) = postSolution
		{B1CC1272-F2E2-4990-9ECC-5618EF7A9E7F}.Debug|Any CPU.ActiveCfg = Debug|Any CPU
		{B1CC1272-F2E2-4990-9ECC-5618EF7A9E7F}.Debug|Any CPU.Build.0 = Debug|Any CPU
		{B1CC1272-F2E2-4990-9ECC-5618EF7A9E7F}.Debug|Mixed Platforms.ActiveCfg = Debug|Any CPU
		{B1CC1272-F2E2-4990-9ECC-5618EF7A9E7F}.Debug|Mixed Platforms.Build.0 = Debug|Any CPU
		{B1CC1272-F2E2-4990-9ECC-5618EF7A9E7F}.Debug|Win32.ActiveCfg = Debug|Any CPU
		{B1CC1272-F2E2-4990-9ECC-5618EF7A9E7F}.Debug|x86.ActiveCfg = Debug|Any CPU
		{B1CC1272-F2E2-4990-9ECC-5618EF7A9E7F}.Release|Any CPU.ActiveCfg = Release|Any CPU
		{B1CC1272-F2E2-4990-9ECC-5618EF7A9E7F}.Release|Any CPU.Build.0 = Release|Any CPU
		{B1CC1272-F2E2-4990-9ECC-5618EF7A9E7F}.Release|Mixed Platforms.ActiveCfg = Release|Any CPU
		{B1CC1272-F2E2-4990-9ECC-5618EF7A9E7F}.Release|Mixed Platforms.Build.0 = Release|Any CPU
		{B1CC1272-F2E2-4990-9ECC-5618EF7A9E7F}.Release|Win32.ActiveCfg = Release|Any CPU
		{B1CC1272-F2E2-4990-9ECC-5618EF7A9E7F}.Release|x86.ActiveCfg = Release|Any CPU
		{7AC63864-7638-41C4-969C-D3197EF2BED9}.Debug|Any CPU.ActiveCfg = Debug|Any CPU
		{7AC63864-7638-41C4-969C-D3197EF2BED9}.Debug|Any CPU.Build.0 = Debug|Any CPU
		{7AC63864-7638-41C4-969C-D3197EF2BED9}.Debug|Mixed Platforms.ActiveCfg = Debug|Any CPU
		{7AC63864-7638-41C4-969C-D3197EF2BED9}.Debug|Mixed Platforms.Build.0 = Debug|Any CPU
		{7AC63864-7638-41C4-969C-D3197EF2BED9}.Debug|Win32.ActiveCfg = Debug|Any CPU
		{7AC63864-7638-41C4-969C-D3197EF2BED9}.Debug|x86.ActiveCfg = Debug|Any CPU
		{7AC63864-7638-41C4-969C-D3197EF2BED9}.Release|Any CPU.ActiveCfg = Release|Any CPU
		{7AC63864-7638-41C4-969C-D3197EF2BED9}.Release|Any CPU.Build.0 = Release|Any CPU
		{7AC63864-7638-41C4-969C-D3197EF2BED9}.Release|Mixed Platforms.ActiveCfg = Release|Any CPU
		{7AC63864-7638-41C4-969C-D3197EF2BED9}.Release|Mixed Platforms.Build.0 = Release|Any CPU
		{7AC63864-7638-41C4-969C-D3197EF2BED9}.Release|Win32.ActiveCfg = Release|Any CPU
		{7AC63864-7638-41C4-969C-D3197EF2BED9}.Release|x86.ActiveCfg = Release|Any CPU
		{BBDAD153-BF39-48CA-9B49-4EA8299ECEE5}.Debug|Any CPU.ActiveCfg = Debug|Any CPU
		{BBDAD153-BF39-48CA-9B49-4EA8299ECEE5}.Debug|Any CPU.Build.0 = Debug|Any CPU
		{BBDAD153-BF39-48CA-9B49-4EA8299ECEE5}.Debug|Mixed Platforms.ActiveCfg = Debug|Any CPU
		{BBDAD153-BF39-48CA-9B49-4EA8299ECEE5}.Debug|Mixed Platforms.Build.0 = Debug|Any CPU
		{BBDAD153-BF39-48CA-9B49-4EA8299ECEE5}.Debug|Win32.ActiveCfg = Debug|Any CPU
		{BBDAD153-BF39-48CA-9B49-4EA8299ECEE5}.Debug|x86.ActiveCfg = Debug|Any CPU
		{BBDAD153-BF39-48CA-9B49-4EA8299ECEE5}.Release|Any CPU.ActiveCfg = Release|Any CPU
		{BBDAD153-BF39-48CA-9B49-4EA8299ECEE5}.Release|Any CPU.Build.0 = Release|Any CPU
		{BBDAD153-BF39-48CA-9B49-4EA8299ECEE5}.Release|Mixed Platforms.ActiveCfg = Release|Any CPU
		{BBDAD153-BF39-48CA-9B49-4EA8299ECEE5}.Release|Mixed Platforms.Build.0 = Release|Any CPU
		{BBDAD153-BF39-48CA-9B49-4EA8299ECEE5}.Release|Win32.ActiveCfg = Release|Any CPU
		{BBDAD153-BF39-48CA-9B49-4EA8299ECEE5}.Release|x86.ActiveCfg = Release|Any CPU
		{2F3E307F-7E9E-4244-8E34-32652864D8BE}.Debug|Any CPU.ActiveCfg = Debug|x86
		{2F3E307F-7E9E-4244-8E34-32652864D8BE}.Debug|Mixed Platforms.ActiveCfg = Debug|x86
		{2F3E307F-7E9E-4244-8E34-32652864D8BE}.Debug|Mixed Platforms.Build.0 = Debug|x86
		{2F3E307F-7E9E-4244-8E34-32652864D8BE}.Debug|Win32.ActiveCfg = Debug|x86
		{2F3E307F-7E9E-4244-8E34-32652864D8BE}.Debug|x86.ActiveCfg = Debug|x86
		{2F3E307F-7E9E-4244-8E34-32652864D8BE}.Debug|x86.Build.0 = Debug|x86
		{2F3E307F-7E9E-4244-8E34-32652864D8BE}.Release|Any CPU.ActiveCfg = Release|x86
		{2F3E307F-7E9E-4244-8E34-32652864D8BE}.Release|Mixed Platforms.ActiveCfg = Release|x86
		{2F3E307F-7E9E-4244-8E34-32652864D8BE}.Release|Mixed Platforms.Build.0 = Release|x86
		{2F3E307F-7E9E-4244-8E34-32652864D8BE}.Release|Win32.ActiveCfg = Release|x86
		{2F3E307F-7E9E-4244-8E34-32652864D8BE}.Release|x86.ActiveCfg = Release|x86
		{2F3E307F-7E9E-4244-8E34-32652864D8BE}.Release|x86.Build.0 = Release|x86
	EndGlobalSection
	GlobalSection(SolutionProperties) = preSolution
		HideSolutionNode = FALSE
	EndGlobalSection
EndGlobal
